
Microsoft Visual Studio Solution File, Format Version 12.00
# Visual Studio Version 17
VisualStudioVersion = 17.4.33110.190
MinimumVisualStudioVersion = 10.0.40219.1
Project("{FAE04EC0-301F-11D3-BF4B-00C04F79EFBC}") = "PursuitPal.Presentation.Api", "PursuitPal.Presentation.Api\PursuitPal.Presentation.Api.csproj", "{C3718492-8E08-4567-B470-F1B09FB9F71E}"
EndProject
Global
	GlobalSection(SolutionConfigurationPlatforms) = preSolution
		Debug|Any CPU = Debug|Any CPU
		Release|Any CPU = Release|Any CPU
	EndGlobalSection
	GlobalSection(ProjectConfigurationPlatforms) = postSolution
		{C3718492-8E08-4567-B470-F1B09FB9F71E}.Debug|Any CPU.ActiveCfg = Debug|Any CPU
		{C3718492-8E08-4567-B470-F1B09FB9F71E}.Debug|Any CPU.Build.0 = Debug|Any CPU
		{C3718492-8E08-4567-B470-F1B09FB9F71E}.Release|Any CPU.ActiveCfg = Release|Any CPU
		{C3718492-8E08-4567-B470-F1B09FB9F71E}.Release|Any CPU.Build.0 = Release|Any CPU
	EndGlobalSection
	GlobalSection(SolutionProperties) = preSolution
		HideSolutionNode = FALSE
	EndGlobalSection
	GlobalSection(ExtensibilityGlobals) = postSolution
		SolutionGuid = {1E51D5BD-57DE-44CC-83AF-DB254287A916}
	EndGlobalSection
EndGlobal
